
Microsoft Visual Studio Solution File, Format Version 12.00
# Visual Studio Version 16
VisualStudioVersion = 16.0.29926.136
MinimumVisualStudioVersion = 10.0.40219.1
Project("{9A19103F-16F7-4668-BE54-9A1E7A4F7556}") = "PiPanelCore", "PiPanelCore\PiPanelCore.csproj", "{3E1E7C99-EBFA-4526-B94B-5A96C7CDEF97}"
EndProject
Project("{9A19103F-16F7-4668-BE54-9A1E7A4F7556}") = "PiPanelFontCreator", "PiPanelFontCreator\PiPanelFontCreator.csproj", "{E4612681-5E76-45D2-B0B7-12B7AF3C5756}"
EndProject
Global
	GlobalSection(SolutionConfigurationPlatforms) = preSolution
		Debug|Any CPU = Debug|Any CPU
		Release|Any CPU = Release|Any CPU
	EndGlobalSection
	GlobalSection(ProjectConfigurationPlatforms) = postSolution
		{3E1E7C99-EBFA-4526-B94B-5A96C7CDEF97}.Debug|Any CPU.ActiveCfg = Debug|Any CPU
		{3E1E7C99-EBFA-4526-B94B-5A96C7CDEF97}.Debug|Any CPU.Build.0 = Debug|Any CPU
		{3E1E7C99-EBFA-4526-B94B-5A96C7CDEF97}.Release|Any CPU.ActiveCfg = Release|Any CPU
		{3E1E7C99-EBFA-4526-B94B-5A96C7CDEF97}.Release|Any CPU.Build.0 = Release|Any CPU
		{E4612681-5E76-45D2-B0B7-12B7AF3C5756}.Debug|Any CPU.ActiveCfg = Debug|Any CPU
		{E4612681-5E76-45D2-B0B7-12B7AF3C5756}.Debug|Any CPU.Build.0 = Debug|Any CPU
		{E4612681-5E76-45D2-B0B7-12B7AF3C5756}.Release|Any CPU.ActiveCfg = Release|Any CPU
		{E4612681-5E76-45D2-B0B7-12B7AF3C5756}.Release|Any CPU.Build.0 = Release|Any CPU
	EndGlobalSection
	GlobalSection(SolutionProperties) = preSolution
		HideSolutionNode = FALSE
	EndGlobalSection
	GlobalSection(ExtensibilityGlobals) = postSolution
		SolutionGuid = {1832249D-88B0-4567-A789-BE397D3340DF}
	EndGlobalSection
EndGlobal
